
Microsoft Visual Studio Solution File, Format Version 12.00
# Visual Studio Version 17
VisualStudioVersion = 17.0.32112.339
MinimumVisualStudioVersion = 10.0.40219.1
Project("{9A19103F-16F7-4668-BE54-9A1E7A4F7556}") = "ToDo.Business", "ToDo.Business\ToDo.Business.csproj", "{0A21136D-D22D-4C2D-BC08-768557BEC8E9}"
EndProject
Project("{9A19103F-16F7-4668-BE54-9A1E7A4F7556}") = "ToDo.DataAccess", "ToDo.DataAccess\ToDo.DataAccess.csproj", "{3FC319CC-2B7B-4788-A8AD-3C30BB579EEF}"
EndProject
Project("{9A19103F-16F7-4668-BE54-9A1E7A4F7556}") = "ToDo.Entities", "ToDo.Entities\ToDo.Entities.csproj", "{44EDD89B-9B2E-408C-9609-602829E8EEC2}"
EndProject
Project("{9A19103F-16F7-4668-BE54-9A1E7A4F7556}") = "ToDo.WebUI", "ToDo.WebUI\ToDo.WebUI.csproj", "{35DBA2CD-BD35-47C6-A302-0DE48429FC33}"
EndProject
Project("{FAE04EC0-301F-11D3-BF4B-00C04F79EFBC}") = "ToDo.DTO", "ToDo.DTO\ToDo.DTO.csproj", "{02E61B00-4CE5-48C4-80FC-3F1D77D5BF1B}"
EndProject
Global
	GlobalSection(SolutionConfigurationPlatforms) = preSolution
		Debug|Any CPU = Debug|Any CPU
		Release|Any CPU = Release|Any CPU
	EndGlobalSection
	GlobalSection(ProjectConfigurationPlatforms) = postSolution
		{0A21136D-D22D-4C2D-BC08-768557BEC8E9}.Debug|Any CPU.ActiveCfg = Debug|Any CPU
		{0A21136D-D22D-4C2D-BC08-768557BEC8E9}.Debug|Any CPU.Build.0 = Debug|Any CPU
		{0A21136D-D22D-4C2D-BC08-768557BEC8E9}.Release|Any CPU.ActiveCfg = Release|Any CPU
		{0A21136D-D22D-4C2D-BC08-768557BEC8E9}.Release|Any CPU.Build.0 = Release|Any CPU
		{3FC319CC-2B7B-4788-A8AD-3C30BB579EEF}.Debug|Any CPU.ActiveCfg = Debug|Any CPU
		{3FC319CC-2B7B-4788-A8AD-3C30BB579EEF}.Debug|Any CPU.Build.0 = Debug|Any CPU
		{3FC319CC-2B7B-4788-A8AD-3C30BB579EEF}.Release|Any CPU.ActiveCfg = Release|Any CPU
		{3FC319CC-2B7B-4788-A8AD-3C30BB579EEF}.Release|Any CPU.Build.0 = Release|Any CPU
		{44EDD89B-9B2E-408C-9609-602829E8EEC2}.Debug|Any CPU.ActiveCfg = Debug|Any CPU
		{44EDD89B-9B2E-408C-9609-602829E8EEC2}.Debug|Any CPU.Build.0 = Debug|Any CPU
		{44EDD89B-9B2E-408C-9609-602829E8EEC2}.Release|Any CPU.ActiveCfg = Release|Any CPU
		{44EDD89B-9B2E-408C-9609-602829E8EEC2}.Release|Any CPU.Build.0 = Release|Any CPU
		{35DBA2CD-BD35-47C6-A302-0DE48429FC33}.Debug|Any CPU.ActiveCfg = Debug|Any CPU
		{35DBA2CD-BD35-47C6-A302-0DE48429FC33}.Debug|Any CPU.Build.0 = Debug|Any CPU
		{35DBA2CD-BD35-47C6-A302-0DE48429FC33}.Release|Any CPU.ActiveCfg = Release|Any CPU
		{35DBA2CD-BD35-47C6-A302-0DE48429FC33}.Release|Any CPU.Build.0 = Release|Any CPU
		{02E61B00-4CE5-48C4-80FC-3F1D77D5BF1B}.Debug|Any CPU.ActiveCfg = Debug|Any CPU
		{02E61B00-4CE5-48C4-80FC-3F1D77D5BF1B}.Debug|Any CPU.Build.0 = Debug|Any CPU
		{02E61B00-4CE5-48C4-80FC-3F1D77D5BF1B}.Release|Any CPU.ActiveCfg = Release|Any CPU
		{02E61B00-4CE5-48C4-80FC-3F1D77D5BF1B}.Release|Any CPU.Build.0 = Release|Any CPU
	EndGlobalSection
	GlobalSection(SolutionProperties) = preSolution
		HideSolutionNode = FALSE
	EndGlobalSection
	GlobalSection(ExtensibilityGlobals) = postSolution
		SolutionGuid = {262F10CF-7816-45A6-9143-40E250FD6877}
	EndGlobalSection
EndGlobal
